
Microsoft Visual Studio Solution File, Format Version 12.00
# Visual Studio 15
VisualStudioVersion = 15.0.27130.2027
MinimumVisualStudioVersion = 10.0.40219.1
Project("{2150E333-8FDC-42A3-9474-1A3956D46DE8}") = "1 - Application", "1 - Application", "{D4F26208-BD2A-43E4-A852-FEB6E3B9949B}"
EndProject
Project("{2150E333-8FDC-42A3-9474-1A3956D46DE8}") = "2 - Domain", "2 - Domain", "{1E09F61A-815B-472C-85EF-72E5829D1E05}"
EndProject
Project("{2150E333-8FDC-42A3-9474-1A3956D46DE8}") = "0 - Apresentation", "0 - Apresentation", "{9603B84C-016C-48E2-B2EB-469A4E1D4A97}"
EndProject
Project("{2150E333-8FDC-42A3-9474-1A3956D46DE8}") = "3 - Infra", "3 - Infra", "{91A47D8F-358F-40FB-8A5F-94D39132594D}"
EndProject
Project("{FAE04EC0-301F-11D3-BF4B-00C04F79EFBC}") = "Data", "Repository\Data.csproj", "{CF5F13D7-1456-49A0-9386-489F090CB0C9}"
EndProject
Project("{FAE04EC0-301F-11D3-BF4B-00C04F79EFBC}") = "DomainModel", "Domain\DomainModel.csproj", "{6FAE4AFA-EC57-42DE-B4DE-8CF126A3EFFF}"
EndProject
Project("{FAE04EC0-301F-11D3-BF4B-00C04F79EFBC}") = "Application", "Application\Application.csproj", "{C9A8CE20-6349-4A05-B2B2-462D3A4DB7F9}"
EndProject
Project("{FAE04EC0-301F-11D3-BF4B-00C04F79EFBC}") = "Web", "Web\Web.csproj", "{A6CE5B25-CCC1-47D5-9785-D2EC9BA6C7BD}"
EndProject
Project("{FAE04EC0-301F-11D3-BF4B-00C04F79EFBC}") = "DomainService", "DomainService\DomainService.csproj", "{3CB7E14C-B2AD-4544-9D61-E28FB3C99A74}"
EndProject
Global
	GlobalSection(SolutionConfigurationPlatforms) = preSolution
		Debug|Any CPU = Debug|Any CPU
		Release|Any CPU = Release|Any CPU
	EndGlobalSection
	GlobalSection(ProjectConfigurationPlatforms) = postSolution
		{CF5F13D7-1456-49A0-9386-489F090CB0C9}.Debug|Any CPU.ActiveCfg = Debug|Any CPU
		{CF5F13D7-1456-49A0-9386-489F090CB0C9}.Debug|Any CPU.Build.0 = Debug|Any CPU
		{CF5F13D7-1456-49A0-9386-489F090CB0C9}.Release|Any CPU.ActiveCfg = Release|Any CPU
		{CF5F13D7-1456-49A0-9386-489F090CB0C9}.Release|Any CPU.Build.0 = Release|Any CPU
		{6FAE4AFA-EC57-42DE-B4DE-8CF126A3EFFF}.Debug|Any CPU.ActiveCfg = Debug|Any CPU
		{6FAE4AFA-EC57-42DE-B4DE-8CF126A3EFFF}.Debug|Any CPU.Build.0 = Debug|Any CPU
		{6FAE4AFA-EC57-42DE-B4DE-8CF126A3EFFF}.Release|Any CPU.ActiveCfg = Release|Any CPU
		{6FAE4AFA-EC57-42DE-B4DE-8CF126A3EFFF}.Release|Any CPU.Build.0 = Release|Any CPU
		{C9A8CE20-6349-4A05-B2B2-462D3A4DB7F9}.Debug|Any CPU.ActiveCfg = Debug|Any CPU
		{C9A8CE20-6349-4A05-B2B2-462D3A4DB7F9}.Debug|Any CPU.Build.0 = Debug|Any CPU
		{C9A8CE20-6349-4A05-B2B2-462D3A4DB7F9}.Release|Any CPU.ActiveCfg = Release|Any CPU
		{C9A8CE20-6349-4A05-B2B2-462D3A4DB7F9}.Release|Any CPU.Build.0 = Release|Any CPU
		{A6CE5B25-CCC1-47D5-9785-D2EC9BA6C7BD}.Debug|Any CPU.ActiveCfg = Debug|Any CPU
		{A6CE5B25-CCC1-47D5-9785-D2EC9BA6C7BD}.Debug|Any CPU.Build.0 = Debug|Any CPU
		{A6CE5B25-CCC1-47D5-9785-D2EC9BA6C7BD}.Release|Any CPU.ActiveCfg = Release|Any CPU
		{A6CE5B25-CCC1-47D5-9785-D2EC9BA6C7BD}.Release|Any CPU.Build.0 = Release|Any CPU
		{3CB7E14C-B2AD-4544-9D61-E28FB3C99A74}.Debug|Any CPU.ActiveCfg = Debug|Any CPU
		{3CB7E14C-B2AD-4544-9D61-E28FB3C99A74}.Debug|Any CPU.Build.0 = Debug|Any CPU
		{3CB7E14C-B2AD-4544-9D61-E28FB3C99A74}.Release|Any CPU.ActiveCfg = Release|Any CPU
		{3CB7E14C-B2AD-4544-9D61-E28FB3C99A74}.Release|Any CPU.Build.0 = Release|Any CPU
	EndGlobalSection
	GlobalSection(SolutionProperties) = preSolution
		HideSolutionNode = FALSE
	EndGlobalSection
	GlobalSection(NestedProjects) = preSolution
		{CF5F13D7-1456-49A0-9386-489F090CB0C9} = {91A47D8F-358F-40FB-8A5F-94D39132594D}
		{6FAE4AFA-EC57-42DE-B4DE-8CF126A3EFFF} = {1E09F61A-815B-472C-85EF-72E5829D1E05}
		{C9A8CE20-6349-4A05-B2B2-462D3A4DB7F9} = {D4F26208-BD2A-43E4-A852-FEB6E3B9949B}
		{A6CE5B25-CCC1-47D5-9785-D2EC9BA6C7BD} = {9603B84C-016C-48E2-B2EB-469A4E1D4A97}
		{3CB7E14C-B2AD-4544-9D61-E28FB3C99A74} = {1E09F61A-815B-472C-85EF-72E5829D1E05}
	EndGlobalSection
	GlobalSection(ExtensibilityGlobals) = postSolution
		SolutionGuid = {B5353154-662B-4A79-A89A-B54B5CE8A127}
	EndGlobalSection
EndGlobal
